
Microsoft Visual Studio Solution File, Format Version 11.00
# Visual Studio 2010
Project("{FAE04EC0-301F-11D3-BF4B-00C04F79EFBC}") = "Spectroscopy Viewer", "Spectroscopy Viewer\Spectroscopy Viewer.csproj", "{8ADFF013-7CC6-4E92-BC05-A3D8B67B6DDE}"
EndProject
Global
	GlobalSection(SolutionConfigurationPlatforms) = preSolution
		Debug|x86 = Debug|x86
		Release|x86 = Release|x86
	EndGlobalSection
	GlobalSection(ProjectConfigurationPlatforms) = postSolution
		{8ADFF013-7CC6-4E92-BC05-A3D8B67B6DDE}.Debug|x86.ActiveCfg = Debug|x86
		{8ADFF013-7CC6-4E92-BC05-A3D8B67B6DDE}.Debug|x86.Build.0 = Debug|x86
		{8ADFF013-7CC6-4E92-BC05-A3D8B67B6DDE}.Release|x86.ActiveCfg = Release|x86
		{8ADFF013-7CC6-4E92-BC05-A3D8B67B6DDE}.Release|x86.Build.0 = Release|x86
	EndGlobalSection
	GlobalSection(SolutionProperties) = preSolution
		HideSolutionNode = FALSE
	EndGlobalSection
EndGlobal
